// !$*UTF8*$!
{
	archiveVersion = 1;
	classes = {
	};
	objectVersion = 46;
	objects = {

/* Begin PBXBuildFile section */
		3A28037E1BF7589D000C3096 /* main.m in Sources */ = {isa = PBXBuildFile; fileRef = 3A28037D1BF7589D000C3096 /* main.m */; };
		3A2803811BF7589D000C3096 /* AppDelegate.m in Sources */ = {isa = PBXBuildFile; fileRef = 3A2803801BF7589D000C3096 /* AppDelegate.m */; };
		3A2803841BF7589D000C3096 /* ViewController.m in Sources */ = {isa = PBXBuildFile; fileRef = 3A2803831BF7589D000C3096 /* ViewController.m */; };
		3A2803871BF7589D000C3096 /* Main.storyboard in Resources */ = {isa = PBXBuildFile; fileRef = 3A2803851BF7589D000C3096 /* Main.storyboard */; };
		3A2803891BF7589D000C3096 /* Assets.xcassets in Resources */ = {isa = PBXBuildFile; fileRef = 3A2803881BF7589D000C3096 /* Assets.xcassets */; };
		3A28038C1BF7589D000C3096 /* LaunchScreen.storyboard in Resources */ = {isa = PBXBuildFile; fileRef = 3A28038A1BF7589D000C3096 /* LaunchScreen.storyboard */; };
		3AADD0B71BFD996D002C9D04 /* SLUser.m in Sources */ = {isa = PBXBuildFile; fileRef = 3AADD0B61BFD996D002C9D04 /* SLUser.m */; };
		3AADD0BD1BFD9BFD002C9D04 /* SLAlertsArray.m in Sources */ = {isa = PBXBuildFile; fileRef = 3AADD0BC1BFD9BFD002C9D04 /* SLAlertsArray.m */; };
		3AADD0C11BFDA2E2002C9D04 /* SLAlertsQuery.m in Sources */ = {isa = PBXBuildFile; fileRef = 3AADD0C01BFDA2E2002C9D04 /* SLAlertsQuery.m */; };
		3AADD0C71BFDC237002C9D04 /* SLConstants.m in Sources */ = {isa = PBXBuildFile; fileRef = 3AADD0C61BFDC237002C9D04 /* SLConstants.m */; };
		3AADD0CB1BFDC72F002C9D04 /* SLAlert.m in Sources */ = {isa = PBXBuildFile; fileRef = 3AADD0CA1BFDC72F002C9D04 /* SLAlert.m */; };
		3AADD0CE1BFDCA48002C9D04 /* SLMessage.m in Sources */ = {isa = PBXBuildFile; fileRef = 3AADD0CD1BFDCA48002C9D04 /* SLMessage.m */; };
		FA8E92540A3463FF73D7DD8B /* libPods-Slate.a in Frameworks */ = {isa = PBXBuildFile; fileRef = F5E73639335C370FAA744E2E /* libPods-Slate.a */; };
/* End PBXBuildFile section */

/* Begin PBXFileReference section */
		3A2803791BF7589D000C3096 /* Slate.app */ = {isa = PBXFileReference; explicitFileType = wrapper.application; includeInIndex = 0; path = Slate.app; sourceTree = BUILT_PRODUCTS_DIR; };
		3A28037D1BF7589D000C3096 /* main.m */ = {isa = PBXFileReference; lastKnownFileType = sourcecode.c.objc; path = main.m; sourceTree = "<group>"; };
		3A28037F1BF7589D000C3096 /* AppDelegate.h */ = {isa = PBXFileReference; lastKnownFileType = sourcecode.c.h; path = AppDelegate.h; sourceTree = "<group>"; };
		3A2803801BF7589D000C3096 /* AppDelegate.m */ = {isa = PBXFileReference; lastKnownFileType = sourcecode.c.objc; path = AppDelegate.m; sourceTree = "<group>"; };
		3A2803821BF7589D000C3096 /* ViewController.h */ = {isa = PBXFileReference; lastKnownFileType = sourcecode.c.h; path = ViewController.h; sourceTree = "<group>"; };
		3A2803831BF7589D000C3096 /* ViewController.m */ = {isa = PBXFileReference; lastKnownFileType = sourcecode.c.objc; path = ViewController.m; sourceTree = "<group>"; };
		3A2803861BF7589D000C3096 /* Base */ = {isa = PBXFileReference; lastKnownFileType = file.storyboard; name = Base; path = Base.lproj/Main.storyboard; sourceTree = "<group>"; };
		3A2803881BF7589D000C3096 /* Assets.xcassets */ = {isa = PBXFileReference; lastKnownFileType = folder.assetcatalog; path = Assets.xcassets; sourceTree = "<group>"; };
		3A28038B1BF7589D000C3096 /* Base */ = {isa = PBXFileReference; lastKnownFileType = file.storyboard; name = Base; path = Base.lproj/LaunchScreen.storyboard; sourceTree = "<group>"; };
		3A28038D1BF7589D000C3096 /* Info.plist */ = {isa = PBXFileReference; lastKnownFileType = text.plist.xml; path = Info.plist; sourceTree = "<group>"; };
		3AADD0B51BFD996D002C9D04 /* SLUser.h */ = {isa = PBXFileReference; fileEncoding = 4; lastKnownFileType = sourcecode.c.h; name = SLUser.h; path = Models/SLUser.h; sourceTree = "<group>"; };
		3AADD0B61BFD996D002C9D04 /* SLUser.m */ = {isa = PBXFileReference; fileEncoding = 4; lastKnownFileType = sourcecode.c.objc; name = SLUser.m; path = Models/SLUser.m; sourceTree = "<group>"; };
		3AADD0BB1BFD9BFD002C9D04 /* SLAlertsArray.h */ = {isa = PBXFileReference; fileEncoding = 4; lastKnownFileType = sourcecode.c.h; name = SLAlertsArray.h; path = Models/SLAlertsArray.h; sourceTree = "<group>"; };
		3AADD0BC1BFD9BFD002C9D04 /* SLAlertsArray.m */ = {isa = PBXFileReference; fileEncoding = 4; lastKnownFileType = sourcecode.c.objc; name = SLAlertsArray.m; path = Models/SLAlertsArray.m; sourceTree = "<group>"; };
		3AADD0BF1BFDA2E2002C9D04 /* SLAlertsQuery.h */ = {isa = PBXFileReference; fileEncoding = 4; lastKnownFileType = sourcecode.c.h; name = SLAlertsQuery.h; path = Models/SLAlertsQuery.h; sourceTree = "<group>"; };
		3AADD0C01BFDA2E2002C9D04 /* SLAlertsQuery.m */ = {isa = PBXFileReference; fileEncoding = 4; lastKnownFileType = sourcecode.c.objc; name = SLAlertsQuery.m; path = Models/SLAlertsQuery.m; sourceTree = "<group>"; };
		3AADD0C51BFDC237002C9D04 /* SLConstants.h */ = {isa = PBXFileReference; fileEncoding = 4; lastKnownFileType = sourcecode.c.h; name = SLConstants.h; path = Models/SLConstants.h; sourceTree = "<group>"; };
		3AADD0C61BFDC237002C9D04 /* SLConstants.m */ = {isa = PBXFileReference; fileEncoding = 4; lastKnownFileType = sourcecode.c.objc; name = SLConstants.m; path = Models/SLConstants.m; sourceTree = "<group>"; };
		3AADD0C91BFDC72F002C9D04 /* SLAlert.h */ = {isa = PBXFileReference; fileEncoding = 4; lastKnownFileType = sourcecode.c.h; name = SLAlert.h; path = Models/SLAlert.h; sourceTree = "<group>"; };
		3AADD0CA1BFDC72F002C9D04 /* SLAlert.m */ = {isa = PBXFileReference; fileEncoding = 4; lastKnownFileType = sourcecode.c.objc; name = SLAlert.m; path = Models/SLAlert.m; sourceTree = "<group>"; };
		3AADD0CC1BFDCA48002C9D04 /* SLMessage.h */ = {isa = PBXFileReference; fileEncoding = 4; lastKnownFileType = sourcecode.c.h; name = SLMessage.h; path = Models/SLMessage.h; sourceTree = "<group>"; };
		3AADD0CD1BFDCA48002C9D04 /* SLMessage.m */ = {isa = PBXFileReference; fileEncoding = 4; lastKnownFileType = sourcecode.c.objc; name = SLMessage.m; path = Models/SLMessage.m; sourceTree = "<group>"; };
		9FBF1B978BC6FD269867990E /* Pods-Slate.release.xcconfig */ = {isa = PBXFileReference; includeInIndex = 1; lastKnownFileType = text.xcconfig; name = "Pods-Slate.release.xcconfig"; path = "Pods/Target Support Files/Pods-Slate/Pods-Slate.release.xcconfig"; sourceTree = "<group>"; };
		E49A0079DE3CAF112B3793FE /* Pods-Slate.debug.xcconfig */ = {isa = PBXFileReference; includeInIndex = 1; lastKnownFileType = text.xcconfig; name = "Pods-Slate.debug.xcconfig"; path = "Pods/Target Support Files/Pods-Slate/Pods-Slate.debug.xcconfig"; sourceTree = "<group>"; };
		F5E73639335C370FAA744E2E /* libPods-Slate.a */ = {isa = PBXFileReference; explicitFileType = archive.ar; includeInIndex = 0; path = "libPods-Slate.a"; sourceTree = BUILT_PRODUCTS_DIR; };
/* End PBXFileReference section */

/* Begin PBXFrameworksBuildPhase section */
		3A2803761BF7589D000C3096 /* Frameworks */ = {
			isa = PBXFrameworksBuildPhase;
			buildActionMask = 2147483647;
			files = (
				FA8E92540A3463FF73D7DD8B /* libPods-Slate.a in Frameworks */,
			);
			runOnlyForDeploymentPostprocessing = 0;
		};
/* End PBXFrameworksBuildPhase section */

/* Begin PBXGroup section */
		3A2803701BF7589D000C3096 = {
			isa = PBXGroup;
			children = (
				3A28037B1BF7589D000C3096 /* Slate */,
				3A28037A1BF7589D000C3096 /* Products */,
				D864137509094E4BE2E296C2 /* Pods */,
				8B3E3EBBFD67F69F7411E368 /* Frameworks */,
			);
			sourceTree = "<group>";
		};
		3A28037A1BF7589D000C3096 /* Products */ = {
			isa = PBXGroup;
			children = (
				3A2803791BF7589D000C3096 /* Slate.app */,
			);
			name = Products;
			sourceTree = "<group>";
		};
		3A28037B1BF7589D000C3096 /* Slate */ = {
			isa = PBXGroup;
			children = (
				3A28037F1BF7589D000C3096 /* AppDelegate.h */,
				3A2803801BF7589D000C3096 /* AppDelegate.m */,
				3AADD0C41BFDB0CD002C9D04 /* Controllers */,
				3AADD0B81BFD9A10002C9D04 /* Models */,
				3AADD0BA1BFD9A22002C9D04 /* Views */,
				3A2803851BF7589D000C3096 /* Main.storyboard */,
				3A2803881BF7589D000C3096 /* Assets.xcassets */,
				3A28038A1BF7589D000C3096 /* LaunchScreen.storyboard */,
				3A28038D1BF7589D000C3096 /* Info.plist */,
				3A28037C1BF7589D000C3096 /* Supporting Files */,
			);
			path = Slate;
			sourceTree = "<group>";
		};
		3A28037C1BF7589D000C3096 /* Supporting Files */ = {
			isa = PBXGroup;
			children = (
				3A28037D1BF7589D000C3096 /* main.m */,
			);
			name = "Supporting Files";
			sourceTree = "<group>";
		};
		3AADD0B81BFD9A10002C9D04 /* Models */ = {
			isa = PBXGroup;
			children = (
				3AADD0CF1BFDCA4D002C9D04 /* Messages */,
				3AADD0C81BFDC23E002C9D04 /* Constants */,
				3AADD0C21BFDA2ED002C9D04 /* Queries */,
				3AADD0BE1BFD9EF0002C9D04 /* Alerts */,
				3AADD0B91BFD9A18002C9D04 /* User */,
			);
			name = Models;
			sourceTree = "<group>";
		};
		3AADD0B91BFD9A18002C9D04 /* User */ = {
			isa = PBXGroup;
			children = (
				3AADD0B51BFD996D002C9D04 /* SLUser.h */,
				3AADD0B61BFD996D002C9D04 /* SLUser.m */,
			);
			name = User;
			sourceTree = "<group>";
		};
		3AADD0BA1BFD9A22002C9D04 /* Views */ = {
			isa = PBXGroup;
			children = (
			);
			name = Views;
			sourceTree = "<group>";
		};
		3AADD0BE1BFD9EF0002C9D04 /* Alerts */ = {
			isa = PBXGroup;
			children = (
				3AADD0C91BFDC72F002C9D04 /* SLAlert.h */,
				3AADD0CA1BFDC72F002C9D04 /* SLAlert.m */,
				3AADD0BB1BFD9BFD002C9D04 /* SLAlertsArray.h */,
				3AADD0BC1BFD9BFD002C9D04 /* SLAlertsArray.m */,
			);
			name = Alerts;
			sourceTree = "<group>";
		};
		3AADD0C21BFDA2ED002C9D04 /* Queries */ = {
			isa = PBXGroup;
			children = (
				3AADD0BF1BFDA2E2002C9D04 /* SLAlertsQuery.h */,
				3AADD0C01BFDA2E2002C9D04 /* SLAlertsQuery.m */,
			);
			name = Queries;
			sourceTree = "<group>";
		};
		3AADD0C41BFDB0CD002C9D04 /* Controllers */ = {
			isa = PBXGroup;
			children = (
				3A2803821BF7589D000C3096 /* ViewController.h */,
				3A2803831BF7589D000C3096 /* ViewController.m */,
			);
			name = Controllers;
			sourceTree = "<group>";
		};
		3AADD0C81BFDC23E002C9D04 /* Constants */ = {
			isa = PBXGroup;
			children = (
				3AADD0C51BFDC237002C9D04 /* SLConstants.h */,
				3AADD0C61BFDC237002C9D04 /* SLConstants.m */,
			);
			name = Constants;
			sourceTree = "<group>";
		};
		3AADD0CF1BFDCA4D002C9D04 /* Messages */ = {
			isa = PBXGroup;
			children = (
				3AADD0CC1BFDCA48002C9D04 /* SLMessage.h */,
				3AADD0CD1BFDCA48002C9D04 /* SLMessage.m */,
			);
			name = Messages;
			sourceTree = "<group>";
		};
		8B3E3EBBFD67F69F7411E368 /* Frameworks */ = {
			isa = PBXGroup;
			children = (
				F5E73639335C370FAA744E2E /* libPods-Slate.a */,
			);
			name = Frameworks;
			sourceTree = "<group>";
		};
		D864137509094E4BE2E296C2 /* Pods */ = {
			isa = PBXGroup;
			children = (
				E49A0079DE3CAF112B3793FE /* Pods-Slate.debug.xcconfig */,
				9FBF1B978BC6FD269867990E /* Pods-Slate.release.xcconfig */,
			);
			name = Pods;
			sourceTree = "<group>";
		};
/* End PBXGroup section */

/* Begin PBXNativeTarget section */
		3A2803781BF7589D000C3096 /* Slate */ = {
			isa = PBXNativeTarget;
			buildConfigurationList = 3A2803901BF7589D000C3096 /* Build configuration list for PBXNativeTarget "Slate" */;
			buildPhases = (
				CB99F9A7BB33771B293EB427 /* Check Pods Manifest.lock */,
				3A2803751BF7589D000C3096 /* Sources */,
				3A2803761BF7589D000C3096 /* Frameworks */,
				3A2803771BF7589D000C3096 /* Resources */,
				A47EE8E4019E8F15E40D244A /* Embed Pods Frameworks */,
				51A9418C5F74B6EF76560E6D /* Copy Pods Resources */,
			);
			buildRules = (
			);
			dependencies = (
			);
			name = Slate;
			productName = Slate;
			productReference = 3A2803791BF7589D000C3096 /* Slate.app */;
			productType = "com.apple.product-type.application";
		};
/* End PBXNativeTarget section */

/* Begin PBXProject section */
		3A2803711BF7589D000C3096 /* Project object */ = {
			isa = PBXProject;
			attributes = {
				LastUpgradeCheck = 0710;
				ORGANIZATIONNAME = "Sam Sheffres";
				TargetAttributes = {
					3A2803781BF7589D000C3096 = {
						CreatedOnToolsVersion = 7.1.1;
						DevelopmentTeam = 8TH326998K;
						SystemCapabilities = {
							com.apple.Push = {
								enabled = 1;
							};
						};
					};
				};
			};
			buildConfigurationList = 3A2803741BF7589D000C3096 /* Build configuration list for PBXProject "Slate" */;
			compatibilityVersion = "Xcode 3.2";
			developmentRegion = English;
			hasScannedForEncodings = 0;
			knownRegions = (
				en,
				Base,
			);
			mainGroup = 3A2803701BF7589D000C3096;
			productRefGroup = 3A28037A1BF7589D000C3096 /* Products */;
			projectDirPath = "";
			projectRoot = "";
			targets = (
				3A2803781BF7589D000C3096 /* Slate */,
			);
		};
/* End PBXProject section */

/* Begin PBXResourcesBuildPhase section */
		3A2803771BF7589D000C3096 /* Resources */ = {
			isa = PBXResourcesBuildPhase;
			buildActionMask = 2147483647;
			files = (
				3A28038C1BF7589D000C3096 /* LaunchScreen.storyboard in Resources */,
				3A2803891BF7589D000C3096 /* Assets.xcassets in Resources */,
				3A2803871BF7589D000C3096 /* Main.storyboard in Resources */,
			);
			runOnlyForDeploymentPostprocessing = 0;
		};
/* End PBXResourcesBuildPhase section */

/* Begin PBXShellScriptBuildPhase section */
		51A9418C5F74B6EF76560E6D /* Copy Pods Resources */ = {
			isa = PBXShellScriptBuildPhase;
			buildActionMask = 2147483647;
			files = (
			);
			inputPaths = (
			);
			name = "Copy Pods Resources";
			outputPaths = (
			);
			runOnlyForDeploymentPostprocessing = 0;
			shellPath = /bin/sh;
			shellScript = "\"${SRCROOT}/Pods/Target Support Files/Pods-Slate/Pods-Slate-resources.sh\"\n";
			showEnvVarsInLog = 0;
		};
		A47EE8E4019E8F15E40D244A /* Embed Pods Frameworks */ = {
			isa = PBXShellScriptBuildPhase;
			buildActionMask = 2147483647;
			files = (
			);
			inputPaths = (
			);
			name = "Embed Pods Frameworks";
			outputPaths = (
			);
			runOnlyForDeploymentPostprocessing = 0;
			shellPath = /bin/sh;
			shellScript = "\"${SRCROOT}/Pods/Target Support Files/Pods-Slate/Pods-Slate-frameworks.sh\"\n";
			showEnvVarsInLog = 0;
		};
		CB99F9A7BB33771B293EB427 /* Check Pods Manifest.lock */ = {
			isa = PBXShellScriptBuildPhase;
			buildActionMask = 2147483647;
			files = (
			);
			inputPaths = (
			);
			name = "Check Pods Manifest.lock";
			outputPaths = (
			);
			runOnlyForDeploymentPostprocessing = 0;
			shellPath = /bin/sh;
			shellScript = "diff \"${PODS_ROOT}/../Podfile.lock\" \"${PODS_ROOT}/Manifest.lock\" > /dev/null\nif [[ $? != 0 ]] ; then\n    cat << EOM\nerror: The sandbox is not in sync with the Podfile.lock. Run 'pod install' or update your CocoaPods installation.\nEOM\n    exit 1\nfi\n";
			showEnvVarsInLog = 0;
		};
/* End PBXShellScriptBuildPhase section */

/* Begin PBXSourcesBuildPhase section */
		3A2803751BF7589D000C3096 /* Sources */ = {
			isa = PBXSourcesBuildPhase;
			buildActionMask = 2147483647;
			files = (
				3A2803841BF7589D000C3096 /* ViewController.m in Sources */,
				3AADD0BD1BFD9BFD002C9D04 /* SLAlertsArray.m in Sources */,
				3AADD0CE1BFDCA48002C9D04 /* SLMessage.m in Sources */,
				3A2803811BF7589D000C3096 /* AppDelegate.m in Sources */,
				3AADD0CB1BFDC72F002C9D04 /* SLAlert.m in Sources */,
				3A28037E1BF7589D000C3096 /* main.m in Sources */,
				3AADD0C11BFDA2E2002C9D04 /* SLAlertsQuery.m in Sources */,
				3AADD0C71BFDC237002C9D04 /* SLConstants.m in Sources */,
				3AADD0B71BFD996D002C9D04 /* SLUser.m in Sources */,
			);
			runOnlyForDeploymentPostprocessing = 0;
		};
/* End PBXSourcesBuildPhase section */

/* Begin PBXVariantGroup section */
		3A2803851BF7589D000C3096 /* Main.storyboard */ = {
			isa = PBXVariantGroup;
			children = (
				3A2803861BF7589D000C3096 /* Base */,
			);
			name = Main.storyboard;
			sourceTree = "<group>";
		};
		3A28038A1BF7589D000C3096 /* LaunchScreen.storyboard */ = {
			isa = PBXVariantGroup;
			children = (
				3A28038B1BF7589D000C3096 /* Base */,
			);
			name = LaunchScreen.storyboard;
			sourceTree = "<group>";
		};
/* End PBXVariantGroup section */

/* Begin XCBuildConfiguration section */
		3A28038E1BF7589D000C3096 /* Debug */ = {
			isa = XCBuildConfiguration;
			buildSettings = {
				ALWAYS_SEARCH_USER_PATHS = NO;
				CLANG_CXX_LANGUAGE_STANDARD = "gnu++0x";
				CLANG_CXX_LIBRARY = "libc++";
				CLANG_ENABLE_MODULES = YES;
				CLANG_ENABLE_OBJC_ARC = YES;
				CLANG_WARN_BOOL_CONVERSION = YES;
				CLANG_WARN_CONSTANT_CONVERSION = YES;
				CLANG_WARN_DIRECT_OBJC_ISA_USAGE = YES_ERROR;
				CLANG_WARN_EMPTY_BODY = YES;
				CLANG_WARN_ENUM_CONVERSION = YES;
				CLANG_WARN_INT_CONVERSION = YES;
				CLANG_WARN_OBJC_ROOT_CLASS = YES_ERROR;
				CLANG_WARN_UNREACHABLE_CODE = YES;
				CLANG_WARN__DUPLICATE_METHOD_MATCH = YES;
				"CODE_SIGN_IDENTITY[sdk=iphoneos*]" = "iPhone Developer";
				COPY_PHASE_STRIP = NO;
				DEBUG_INFORMATION_FORMAT = dwarf;
				ENABLE_STRICT_OBJC_MSGSEND = YES;
				ENABLE_TESTABILITY = YES;
				GCC_C_LANGUAGE_STANDARD = gnu99;
				GCC_DYNAMIC_NO_PIC = NO;
				GCC_NO_COMMON_BLOCKS = YES;
				GCC_OPTIMIZATION_LEVEL = 0;
				GCC_PREPROCESSOR_DEFINITIONS = (
					"DEBUG=1",
					"$(inherited)",
				);
				GCC_WARN_64_TO_32_BIT_CONVERSION = YES;
				GCC_WARN_ABOUT_RETURN_TYPE = YES_ERROR;
				GCC_WARN_UNDECLARED_SELECTOR = YES;
				GCC_WARN_UNINITIALIZED_AUTOS = YES_AGGRESSIVE;
				GCC_WARN_UNUSED_FUNCTION = YES;
				GCC_WARN_UNUSED_VARIABLE = YES;
				IPHONEOS_DEPLOYMENT_TARGET = 9.1;
				MTL_ENABLE_DEBUG_INFO = YES;
				ONLY_ACTIVE_ARCH = YES;
				SDKROOT = iphoneos;
				TARGETED_DEVICE_FAMILY = "1,2";
			};
			name = Debug;
		};
		3A28038F1BF7589D000C3096 /* Release */ = {
			isa = XCBuildConfiguration;
			buildSettings = {
				ALWAYS_SEARCH_USER_PATHS = NO;
				CLANG_CXX_LANGUAGE_STANDARD = "gnu++0x";
				CLANG_CXX_LIBRARY = "libc++";
				CLANG_ENABLE_MODULES = YES;
				CLANG_ENABLE_OBJC_ARC = YES;
				CLANG_WARN_BOOL_CONVERSION = YES;
				CLANG_WARN_CONSTANT_CONVERSION = YES;
				CLANG_WARN_DIRECT_OBJC_ISA_USAGE = YES_ERROR;
				CLANG_WARN_EMPTY_BODY = YES;
				CLANG_WARN_ENUM_CONVERSION = YES;
				CLANG_WARN_INT_CONVERSION = YES;
				CLANG_WARN_OBJC_ROOT_CLASS = YES_ERROR;
				CLANG_WARN_UNREACHABLE_CODE = YES;
				CLANG_WARN__DUPLICATE_METHOD_MATCH = YES;
				"CODE_SIGN_IDENTITY[sdk=iphoneos*]" = "iPhone Developer";
				COPY_PHASE_STRIP = NO;
				DEBUG_INFORMATION_FORMAT = "dwarf-with-dsym";
				ENABLE_NS_ASSERTIONS = NO;
				ENABLE_STRICT_OBJC_MSGSEND = YES;
				GCC_C_LANGUAGE_STANDARD = gnu99;
				GCC_NO_COMMON_BLOCKS = YES;
				GCC_WARN_64_TO_32_BIT_CONVERSION = YES;
				GCC_WARN_ABOUT_RETURN_TYPE = YES_ERROR;
				GCC_WARN_UNDECLARED_SELECTOR = YES;
				GCC_WARN_UNINITIALIZED_AUTOS = YES_AGGRESSIVE;
				GCC_WARN_UNUSED_FUNCTION = YES;
				GCC_WARN_UNUSED_VARIABLE = YES;
				IPHONEOS_DEPLOYMENT_TARGET = 9.1;
				MTL_ENABLE_DEBUG_INFO = NO;
				SDKROOT = iphoneos;
				TARGETED_DEVICE_FAMILY = "1,2";
				VALIDATE_PRODUCT = YES;
			};
			name = Release;
		};
		3A2803911BF7589D000C3096 /* Debug */ = {
			isa = XCBuildConfiguration;
			baseConfigurationReference = E49A0079DE3CAF112B3793FE /* Pods-Slate.debug.xcconfig */;
			buildSettings = {
				ASSETCATALOG_COMPILER_APPICON_NAME = AppIcon;
				CODE_SIGN_IDENTITY = "iPhone Developer";
				"CODE_SIGN_IDENTITY[sdk=iphoneos*]" = "iPhone Developer";
				INFOPLIST_FILE = Slate/Info.plist;
				IPHONEOS_DEPLOYMENT_TARGET = 8.0;
				LD_RUNPATH_SEARCH_PATHS = "$(inherited) @executable_path/Frameworks";
				PRODUCT_BUNDLE_IDENTIFIER = com.slate.security;
				PRODUCT_NAME = "$(TARGET_NAME)";
				PROVISIONING_PROFILE = "";
			};
			name = Debug;
		};
		3A2803921BF7589D000C3096 /* Release */ = {
			isa = XCBuildConfiguration;
			baseConfigurationReference = 9FBF1B978BC6FD269867990E /* Pods-Slate.release.xcconfig */;
			buildSettings = {
				ASSETCATALOG_COMPILER_APPICON_NAME = AppIcon;
				CODE_SIGN_IDENTITY = "iPhone Developer";
				"CODE_SIGN_IDENTITY[sdk=iphoneos*]" = "iPhone Developer";
				INFOPLIST_FILE = Slate/Info.plist;
				IPHONEOS_DEPLOYMENT_TARGET = 8.0;
				LD_RUNPATH_SEARCH_PATHS = "$(inherited) @executable_path/Frameworks";
				PRODUCT_BUNDLE_IDENTIFIER = com.slate.security;
				PRODUCT_NAME = "$(TARGET_NAME)";
				PROVISIONING_PROFILE = "";
			};
			name = Release;
		};
/* End XCBuildConfiguration section */

/* Begin XCConfigurationList section */
		3A2803741BF7589D000C3096 /* Build configuration list for PBXProject "Slate" */ = {
			isa = XCConfigurationList;
			buildConfigurations = (
				3A28038E1BF7589D000C3096 /* Debug */,
				3A28038F1BF7589D000C3096 /* Release */,
			);
			defaultConfigurationIsVisible = 0;
			defaultConfigurationName = Release;
		};
		3A2803901BF7589D000C3096 /* Build configuration list for PBXNativeTarget "Slate" */ = {
			isa = XCConfigurationList;
			buildConfigurations = (
				3A2803911BF7589D000C3096 /* Debug */,
				3A2803921BF7589D000C3096 /* Release */,
			);
			defaultConfigurationIsVisible = 0;
			defaultConfigurationName = Release;
		};
/* End XCConfigurationList section */
	};
	rootObject = 3A2803711BF7589D000C3096 /* Project object */;
}
